{
  "requires": true,
  "lockfileVersion": 1,
  "dependencies": {
    "gitbook-plugin-back-to-top-button": {
      "version": "0.1.4",
      "resolved": "http://registry.npm.taobao.org/gitbook-plugin-back-to-top-button/download/gitbook-plugin-back-to-top-button-0.1.4.tgz",
      "integrity": "sha1-5iGDOLDvGdWOb2YAmUNQt26ANd8="
    },
    "gitbook-plugin-cdn": {
      "version": "1.0.0",
      "resolved": "https://registry.npmjs.org/gitbook-plugin-cdn/-/gitbook-plugin-cdn-1.0.0.tgz",
      "integrity": "sha512-yAQDLAR5WxiXco2xwIvQOfLM9jaGV7CLAgPdBW5XjM9blf44r8DXBWdGVuo/M392yIbl5Kx+EQDiyUiNzfT2Zw=="
    },
    "gitbook-plugin-fontsettings": {
      "version": "2.0.0",
      "resolved": "http://registry.npm.taobao.org/gitbook-plugin-fontsettings/download/gitbook-plugin-fontsettings-2.0.0.tgz",
      "integrity": "sha1-g1+QCuPdERCG/n7UQl7j3gJIYas="
    },
    "gitbook-plugin-highlight": {
      "version": "2.0.3",
      "resolved": "http://registry.npm.taobao.org/gitbook-plugin-highlight/download/gitbook-plugin-highlight-2.0.3.tgz",
      "integrity": "sha1-ia9mqUwWj16t3j52dKgpW3fbWYc=",
      "requires": {
        "highlight.js": "9.8.0"
      }
    },
    "gitbook-plugin-livereload": {
      "version": "0.0.1",
      "resolved": "http://registry.npm.taobao.org/gitbook-plugin-livereload/download/gitbook-plugin-livereload-0.0.1.tgz",
      "integrity": "sha1-wMncb1X4L8JPl1MrJSh6u7tBa5Y="
    },
    "gitbook-plugin-lunr": {
      "version": "1.2.0",
      "resolved": "http://registry.npm.taobao.org/gitbook-plugin-lunr/download/gitbook-plugin-lunr-1.2.0.tgz",
      "integrity": "sha1-8+gOx2US+9t16wUkqoK43/EqUKs=",
      "requires": {
        "gitbook-plugin-search": "*",
        "html-entities": "1.2.0",
        "lunr": "0.5.12"
      }
    },
    "gitbook-plugin-search": {
      "version": "2.2.1",
      "resolved": "http://registry.npm.taobao.org/gitbook-plugin-search/download/gitbook-plugin-search-2.2.1.tgz",
      "integrity": "sha1-bSW1p3aZD6mP39+jfeMx944PaxM="
    },
    "gitbook-plugin-search-pro": {
      "version": "2.0.2",
      "resolved": "http://registry.npm.taobao.org/gitbook-plugin-search-pro/download/gitbook-plugin-search-pro-2.0.2.tgz",
      "integrity": "sha1-fOduj2XCBESJucaSc2sj+B/mofI=",
      "requires": {
        "html-entities": "1.2.0"
      }
    },
    "gitbook-plugin-sharing": {
      "version": "1.0.2",
      "resolved": "http://registry.npm.taobao.org/gitbook-plugin-sharing/download/gitbook-plugin-sharing-1.0.2.tgz",
      "integrity": "sha1-Uys6+W+vupd608BHEiZC8e6sboE=",
      "requires": {
        "lodash": "^3.10.1"
      }
    },
    "highlight.js": {
      "version": "9.8.0",
      "resolved": "https://registry.nlark.com/highlight.js/download/highlight.js-9.8.0.tgz",
      "integrity": "sha1-OO7vQM1F6t2+yMnlI4+3p4OjtoU="
    },
    "html-entities": {
      "version": "1.2.0",
      "resolved": "http://registry.npm.taobao.org/html-entities/download/html-entities-1.2.0.tgz",
      "integrity": "sha1-QZSMr4XOgv7Tbk5qDtNxpmZDeeI="
    },
    "lodash": {
      "version": "3.10.1",
      "resolved": "http://registry.npm.taobao.org/lodash/download/lodash-3.10.1.tgz",
      "integrity": "sha1-W/Rejkm6QYnhfUgnid/RW9FAt7Y="
    },
    "lunr": {
      "version": "0.5.12",
      "resolved": "http://registry.npm.taobao.org/lunr/download/lunr-0.5.12.tgz",
      "integrity": "sha1-ova314AcvizLFpbaZ/H3eI+J4Mg="
    }
  }
}
